
Microsoft Visual Studio Solution File, Format Version 12.00
# Visual Studio 14
VisualStudioVersion = 14.0.25123.0
MinimumVisualStudioVersion = 10.0.40219.1
Project("{1DB55375-2374-49D0-9AF4-22538D6D1F52}") = "Sitecore.Support.172604", "Sitecore.Support.172604\Sitecore.Support.172604.csproj", "{AA27B879-304E-4387-9158-A9048533323F}"
EndProject
Global
	GlobalSection(SolutionConfigurationPlatforms) = preSolution
		Debug|Any CPU = Debug|Any CPU
		Release|Any CPU = Release|Any CPU
	EndGlobalSection
	GlobalSection(ProjectConfigurationPlatforms) = postSolution
		{AA27B879-304E-4387-9158-A9048533323F}.Debug|Any CPU.ActiveCfg = Debug|Any CPU
		{AA27B879-304E-4387-9158-A9048533323F}.Debug|Any CPU.Build.0 = Debug|Any CPU
		{AA27B879-304E-4387-9158-A9048533323F}.Release|Any CPU.ActiveCfg = Release|Any CPU
		{AA27B879-304E-4387-9158-A9048533323F}.Release|Any CPU.Build.0 = Release|Any CPU
	EndGlobalSection
	GlobalSection(SolutionProperties) = preSolution
		HideSolutionNode = FALSE
	EndGlobalSection
EndGlobal
